
Microsoft Visual Studio Solution File, Format Version 12.00
# Visual Studio 15
VisualStudioVersion = 15.0.28307.168
MinimumVisualStudioVersion = 10.0.40219.1
Project("{F184B08F-C81C-45F6-A57F-5ABD9991F28F}") = "VoiceRecognition", "VoiceRecognition\VoiceRecognition.vbproj", "{E6111F38-623B-4CE2-8710-B5BC55A06A6D}"
EndProject
Global
	GlobalSection(SolutionConfigurationPlatforms) = preSolution
		Debug|Any CPU = Debug|Any CPU
		Release|Any CPU = Release|Any CPU
	EndGlobalSection
	GlobalSection(ProjectConfigurationPlatforms) = postSolution
		{E6111F38-623B-4CE2-8710-B5BC55A06A6D}.Debug|Any CPU.ActiveCfg = Debug|Any CPU
		{E6111F38-623B-4CE2-8710-B5BC55A06A6D}.Debug|Any CPU.Build.0 = Debug|Any CPU
		{E6111F38-623B-4CE2-8710-B5BC55A06A6D}.Release|Any CPU.ActiveCfg = Release|Any CPU
		{E6111F38-623B-4CE2-8710-B5BC55A06A6D}.Release|Any CPU.Build.0 = Release|Any CPU
	EndGlobalSection
	GlobalSection(SolutionProperties) = preSolution
		HideSolutionNode = FALSE
	EndGlobalSection
	GlobalSection(ExtensibilityGlobals) = postSolution
		SolutionGuid = {E569B955-F3F7-482F-B215-B90E4905A007}
	EndGlobalSection
EndGlobal
